
Microsoft Visual Studio Solution File, Format Version 12.00
# Visual Studio Version 17
VisualStudioVersion = 17.0.32014.148
MinimumVisualStudioVersion = 10.0.40219.1
Project("{FAE04EC0-301F-11D3-BF4B-00C04F79EFBC}") = "MagicHotel", "MagicHotel.csproj", "{A74D2C26-B3DC-49BE-872D-4D724EF5BF31}"
EndProject
Global
	GlobalSection(SolutionConfigurationPlatforms) = preSolution
		Debug|Any CPU = Debug|Any CPU
		Release|Any CPU = Release|Any CPU
	EndGlobalSection
	GlobalSection(ProjectConfigurationPlatforms) = postSolution
		{A74D2C26-B3DC-49BE-872D-4D724EF5BF31}.Debug|Any CPU.ActiveCfg = Debug|Any CPU
		{A74D2C26-B3DC-49BE-872D-4D724EF5BF31}.Debug|Any CPU.Build.0 = Debug|Any CPU
		{A74D2C26-B3DC-49BE-872D-4D724EF5BF31}.Release|Any CPU.ActiveCfg = Release|Any CPU
		{A74D2C26-B3DC-49BE-872D-4D724EF5BF31}.Release|Any CPU.Build.0 = Release|Any CPU
	EndGlobalSection
	GlobalSection(SolutionProperties) = preSolution
		HideSolutionNode = FALSE
	EndGlobalSection
	GlobalSection(ExtensibilityGlobals) = postSolution
		SolutionGuid = {A792A36F-C400-4AC2-A7AD-E4D20CA3B2D3}
	EndGlobalSection
EndGlobal
